
Microsoft Visual Studio Solution File, Format Version 12.00
# Visual Studio Version 16
VisualStudioVersion = 16.0.28803.352
MinimumVisualStudioVersion = 10.0.40219.1
Project("{FAE04EC0-301F-11D3-BF4B-00C04F79EFBC}") = "PrimerParcialWF", "PrimerParcialWF\PrimerParcialWF.csproj", "{06BD7217-D57A-49F3-A47C-C74FC0F82079}"
EndProject
Project("{FAE04EC0-301F-11D3-BF4B-00C04F79EFBC}") = "Entidades", "Entidades\Entidades.csproj", "{A84070BD-9E5D-465F-8FB3-974808BEEDDB}"
EndProject
Project("{FAE04EC0-301F-11D3-BF4B-00C04F79EFBC}") = "DAL", "DAL\DAL.csproj", "{99E70D05-02E7-48DB-A3BC-1A07C81EB243}"
EndProject
Project("{FAE04EC0-301F-11D3-BF4B-00C04F79EFBC}") = "BLL", "BLL\BLL.csproj", "{5DFA342D-0E99-48DD-B8EB-93D66EE75835}"
EndProject
Global
	GlobalSection(SolutionConfigurationPlatforms) = preSolution
		Debug|Any CPU = Debug|Any CPU
		Release|Any CPU = Release|Any CPU
	EndGlobalSection
	GlobalSection(ProjectConfigurationPlatforms) = postSolution
		{06BD7217-D57A-49F3-A47C-C74FC0F82079}.Debug|Any CPU.ActiveCfg = Debug|Any CPU
		{06BD7217-D57A-49F3-A47C-C74FC0F82079}.Debug|Any CPU.Build.0 = Debug|Any CPU
		{06BD7217-D57A-49F3-A47C-C74FC0F82079}.Release|Any CPU.ActiveCfg = Release|Any CPU
		{06BD7217-D57A-49F3-A47C-C74FC0F82079}.Release|Any CPU.Build.0 = Release|Any CPU
		{A84070BD-9E5D-465F-8FB3-974808BEEDDB}.Debug|Any CPU.ActiveCfg = Debug|Any CPU
		{A84070BD-9E5D-465F-8FB3-974808BEEDDB}.Debug|Any CPU.Build.0 = Debug|Any CPU
		{A84070BD-9E5D-465F-8FB3-974808BEEDDB}.Release|Any CPU.ActiveCfg = Release|Any CPU
		{A84070BD-9E5D-465F-8FB3-974808BEEDDB}.Release|Any CPU.Build.0 = Release|Any CPU
		{99E70D05-02E7-48DB-A3BC-1A07C81EB243}.Debug|Any CPU.ActiveCfg = Debug|Any CPU
		{99E70D05-02E7-48DB-A3BC-1A07C81EB243}.Debug|Any CPU.Build.0 = Debug|Any CPU
		{99E70D05-02E7-48DB-A3BC-1A07C81EB243}.Release|Any CPU.ActiveCfg = Release|Any CPU
		{99E70D05-02E7-48DB-A3BC-1A07C81EB243}.Release|Any CPU.Build.0 = Release|Any CPU
		{5DFA342D-0E99-48DD-B8EB-93D66EE75835}.Debug|Any CPU.ActiveCfg = Debug|Any CPU
		{5DFA342D-0E99-48DD-B8EB-93D66EE75835}.Debug|Any CPU.Build.0 = Debug|Any CPU
		{5DFA342D-0E99-48DD-B8EB-93D66EE75835}.Release|Any CPU.ActiveCfg = Release|Any CPU
		{5DFA342D-0E99-48DD-B8EB-93D66EE75835}.Release|Any CPU.Build.0 = Release|Any CPU
	EndGlobalSection
	GlobalSection(SolutionProperties) = preSolution
		HideSolutionNode = FALSE
	EndGlobalSection
	GlobalSection(ExtensibilityGlobals) = postSolution
		SolutionGuid = {B032CD62-5CCE-4FCC-9566-523A8A6F5A41}
	EndGlobalSection
EndGlobal
